
Microsoft Visual Studio Solution File, Format Version 10.00
# Visual Studio 2008
Project("{FAE04EC0-301F-11D3-BF4B-00C04F79EFBC}") = "EchoNestLib", "EchoNestLib\EchoNestLib.csproj", "{11F4CEF5-E374-492A-B6F1-C723BC9BB288}"
EndProject
Project("{FAE04EC0-301F-11D3-BF4B-00C04F79EFBC}") = "EchoNestTestApp", "EchoNestTestApp\EchoNestTestApp.csproj", "{E9779F53-DA1E-4A87-A4CC-855359E3DC00}"
EndProject
Project("{FAE04EC0-301F-11D3-BF4B-00C04F79EFBC}") = "EchoNestLibUnitTest", "EchoNestLibUnitTest\EchoNestLibUnitTest.csproj", "{F3D5C11F-3C67-4C04-AFBE-BE135B9C3002}"
EndProject
Project("{2150E333-8FDC-42A3-9474-1A3956D46DE8}") = "Solution Items", "Solution Items", "{3676980A-3C1D-49CD-81E3-9F5241F5F439}"
	ProjectSection(SolutionItems) = preProject
		EchoNestLib.vsmdi = EchoNestLib.vsmdi
		LocalTestRun.testrunconfig = LocalTestRun.testrunconfig
	EndProjectSection
EndProject
Global
	GlobalSection(TestCaseManagementSettings) = postSolution
		CategoryFile = EchoNestLib.vsmdi
	EndGlobalSection
	GlobalSection(SolutionConfigurationPlatforms) = preSolution
		Debug|Any CPU = Debug|Any CPU
		Release|Any CPU = Release|Any CPU
	EndGlobalSection
	GlobalSection(ProjectConfigurationPlatforms) = postSolution
		{11F4CEF5-E374-492A-B6F1-C723BC9BB288}.Debug|Any CPU.ActiveCfg = Debug|Any CPU
		{11F4CEF5-E374-492A-B6F1-C723BC9BB288}.Debug|Any CPU.Build.0 = Debug|Any CPU
		{11F4CEF5-E374-492A-B6F1-C723BC9BB288}.Release|Any CPU.ActiveCfg = Release|Any CPU
		{11F4CEF5-E374-492A-B6F1-C723BC9BB288}.Release|Any CPU.Build.0 = Release|Any CPU
		{E9779F53-DA1E-4A87-A4CC-855359E3DC00}.Debug|Any CPU.ActiveCfg = Debug|Any CPU
		{E9779F53-DA1E-4A87-A4CC-855359E3DC00}.Debug|Any CPU.Build.0 = Debug|Any CPU
		{E9779F53-DA1E-4A87-A4CC-855359E3DC00}.Release|Any CPU.ActiveCfg = Release|Any CPU
		{E9779F53-DA1E-4A87-A4CC-855359E3DC00}.Release|Any CPU.Build.0 = Release|Any CPU
		{F3D5C11F-3C67-4C04-AFBE-BE135B9C3002}.Debug|Any CPU.ActiveCfg = Debug|Any CPU
		{F3D5C11F-3C67-4C04-AFBE-BE135B9C3002}.Debug|Any CPU.Build.0 = Debug|Any CPU
		{F3D5C11F-3C67-4C04-AFBE-BE135B9C3002}.Release|Any CPU.ActiveCfg = Release|Any CPU
		{F3D5C11F-3C67-4C04-AFBE-BE135B9C3002}.Release|Any CPU.Build.0 = Release|Any CPU
	EndGlobalSection
	GlobalSection(SolutionProperties) = preSolution
		HideSolutionNode = FALSE
	EndGlobalSection
EndGlobal
